
Microsoft Visual Studio Solution File, Format Version 12.00
# Visual Studio 15
VisualStudioVersion = 15.0.28307.136
MinimumVisualStudioVersion = 10.0.40219.1
Project("{FAE04EC0-301F-11D3-BF4B-00C04F79EFBC}") = "Vaskehal", "Vaskehal\Vaskehal.csproj", "{7D34A191-DB7E-4A4F-9B92-23530FD38C99}"
EndProject
Project("{9A19103F-16F7-4668-BE54-9A1E7A4F7556}") = "CarwashLib", "CarwashLib\CarwashLib.csproj", "{94242FEA-D456-4E87-A4C7-DC19CE02130B}"
EndProject
Project("{FAE04EC0-301F-11D3-BF4B-00C04F79EFBC}") = "Repository", "Repository\Repository.csproj", "{EA0B150F-12C7-4031-97C4-D25EF1CDC706}"
EndProject
Global
	GlobalSection(SolutionConfigurationPlatforms) = preSolution
		Debug|Any CPU = Debug|Any CPU
		Release|Any CPU = Release|Any CPU
	EndGlobalSection
	GlobalSection(ProjectConfigurationPlatforms) = postSolution
		{7D34A191-DB7E-4A4F-9B92-23530FD38C99}.Debug|Any CPU.ActiveCfg = Debug|Any CPU
		{7D34A191-DB7E-4A4F-9B92-23530FD38C99}.Debug|Any CPU.Build.0 = Debug|Any CPU
		{7D34A191-DB7E-4A4F-9B92-23530FD38C99}.Release|Any CPU.ActiveCfg = Release|Any CPU
		{7D34A191-DB7E-4A4F-9B92-23530FD38C99}.Release|Any CPU.Build.0 = Release|Any CPU
		{94242FEA-D456-4E87-A4C7-DC19CE02130B}.Debug|Any CPU.ActiveCfg = Debug|Any CPU
		{94242FEA-D456-4E87-A4C7-DC19CE02130B}.Debug|Any CPU.Build.0 = Debug|Any CPU
		{94242FEA-D456-4E87-A4C7-DC19CE02130B}.Release|Any CPU.ActiveCfg = Release|Any CPU
		{94242FEA-D456-4E87-A4C7-DC19CE02130B}.Release|Any CPU.Build.0 = Release|Any CPU
		{EA0B150F-12C7-4031-97C4-D25EF1CDC706}.Debug|Any CPU.ActiveCfg = Debug|Any CPU
		{EA0B150F-12C7-4031-97C4-D25EF1CDC706}.Debug|Any CPU.Build.0 = Debug|Any CPU
		{EA0B150F-12C7-4031-97C4-D25EF1CDC706}.Release|Any CPU.ActiveCfg = Release|Any CPU
		{EA0B150F-12C7-4031-97C4-D25EF1CDC706}.Release|Any CPU.Build.0 = Release|Any CPU
	EndGlobalSection
	GlobalSection(SolutionProperties) = preSolution
		HideSolutionNode = FALSE
	EndGlobalSection
	GlobalSection(ExtensibilityGlobals) = postSolution
		SolutionGuid = {B573D923-6DF4-474E-ACA9-B58249BBB039}
	EndGlobalSection
EndGlobal
